
Microsoft Visual Studio Solution File, Format Version 12.00
# Visual Studio Version 17
VisualStudioVersion = 17.5.33414.496
MinimumVisualStudioVersion = 10.0.40219.1
Project("{00D1A9C2-B5F0-4AF3-8072-F6C62B433612}") = "HotelAppDB", "HotelAppDB\HotelAppDB.sqlproj", "{D68993FB-165C-4531-B1F4-626A45F7FA9C}"
EndProject
Global
	GlobalSection(SolutionConfigurationPlatforms) = preSolution
		Debug|Any CPU = Debug|Any CPU
		Release|Any CPU = Release|Any CPU
	EndGlobalSection
	GlobalSection(ProjectConfigurationPlatforms) = postSolution
		{D68993FB-165C-4531-B1F4-626A45F7FA9C}.Debug|Any CPU.ActiveCfg = Debug|Any CPU
		{D68993FB-165C-4531-B1F4-626A45F7FA9C}.Debug|Any CPU.Build.0 = Debug|Any CPU
		{D68993FB-165C-4531-B1F4-626A45F7FA9C}.Debug|Any CPU.Deploy.0 = Debug|Any CPU
		{D68993FB-165C-4531-B1F4-626A45F7FA9C}.Release|Any CPU.ActiveCfg = Release|Any CPU
		{D68993FB-165C-4531-B1F4-626A45F7FA9C}.Release|Any CPU.Build.0 = Release|Any CPU
		{D68993FB-165C-4531-B1F4-626A45F7FA9C}.Release|Any CPU.Deploy.0 = Release|Any CPU
	EndGlobalSection
	GlobalSection(SolutionProperties) = preSolution
		HideSolutionNode = FALSE
	EndGlobalSection
	GlobalSection(ExtensibilityGlobals) = postSolution
		SolutionGuid = {2E828A21-3526-44D4-8D93-2CAD62E0D4B8}
	EndGlobalSection
EndGlobal
